
Microsoft Visual Studio Solution File, Format Version 12.00
# Visual Studio Version 16
VisualStudioVersion = 16.0.32602.291
MinimumVisualStudioVersion = 10.0.40219.1
Project("{8BC9CEB8-8B4A-11D0-8D11-00A0C91BC942}") = "EPP3", "EPP3.vcxproj", "{84A95876-806B-4E13-B42F-1DC4F06F6CAD}"
EndProject
Global
	GlobalSection(SolutionConfigurationPlatforms) = preSolution
		Debug|x64 = Debug|x64
		Debug|x86 = Debug|x86
		Release|x64 = Release|x64
		Release|x86 = Release|x86
	EndGlobalSection
	GlobalSection(ProjectConfigurationPlatforms) = postSolution
		{84A95876-806B-4E13-B42F-1DC4F06F6CAD}.Debug|x64.ActiveCfg = Debug|x64
		{84A95876-806B-4E13-B42F-1DC4F06F6CAD}.Debug|x64.Build.0 = Debug|x64
		{84A95876-806B-4E13-B42F-1DC4F06F6CAD}.Debug|x86.ActiveCfg = Debug|Win32
		{84A95876-806B-4E13-B42F-1DC4F06F6CAD}.Debug|x86.Build.0 = Debug|Win32
		{84A95876-806B-4E13-B42F-1DC4F06F6CAD}.Release|x64.ActiveCfg = Release|x64
		{84A95876-806B-4E13-B42F-1DC4F06F6CAD}.Release|x64.Build.0 = Release|x64
		{84A95876-806B-4E13-B42F-1DC4F06F6CAD}.Release|x86.ActiveCfg = Release|Win32
		{84A95876-806B-4E13-B42F-1DC4F06F6CAD}.Release|x86.Build.0 = Release|Win32
	EndGlobalSection
	GlobalSection(SolutionProperties) = preSolution
		HideSolutionNode = FALSE
	EndGlobalSection
	GlobalSection(ExtensibilityGlobals) = postSolution
		SolutionGuid = {65CE7CA4-0136-436F-A168-7FFB61803E88}
	EndGlobalSection
EndGlobal
